
Microsoft Visual Studio Solution File, Format Version 12.00
# Visual Studio Version 16
VisualStudioVersion = 16.0.30002.166
MinimumVisualStudioVersion = 10.0.40219.1
Project("{9A19103F-16F7-4668-BE54-9A1E7A4F7556}") = "ECommerce.Api.Products", "ECommerce.Api.Products\ECommerce.Api.Products.csproj", "{FD229155-B263-4183-8A15-85D3F63161B3}"
EndProject
Project("{9A19103F-16F7-4668-BE54-9A1E7A4F7556}") = "ECommerce.Api.Customers", "ECommerce.Api.Customers\ECommerce.Api.Customers.csproj", "{7C29940F-9859-420D-B9D8-DE3F779F429A}"
EndProject
Project("{9A19103F-16F7-4668-BE54-9A1E7A4F7556}") = "ECommerce.Api.Orders", "ECommerce.Api.Orders\ECommerce.Api.Orders.csproj", "{F7DAFF4E-7E1A-4F51-8A74-F62D588C873E}"
EndProject
Project("{9A19103F-16F7-4668-BE54-9A1E7A4F7556}") = "ECommerce.Api.Search", "ECommerce.Api.Search\ECommerce.Api.Search.csproj", "{AA316190-C0D0-492F-A7B5-5867DA361CBA}"
EndProject
Project("{FAE04EC0-301F-11D3-BF4B-00C04F79EFBC}") = "ECommerce.Api.Products.Tests", "ECommerce.Api.Products.Tests\ECommerce.Api.Products.Tests.csproj", "{44F95CB8-A48A-4476-8054-8472F74C91EE}"
EndProject
Global
	GlobalSection(SolutionConfigurationPlatforms) = preSolution
		Debug|Any CPU = Debug|Any CPU
		Release|Any CPU = Release|Any CPU
	EndGlobalSection
	GlobalSection(ProjectConfigurationPlatforms) = postSolution
		{FD229155-B263-4183-8A15-85D3F63161B3}.Debug|Any CPU.ActiveCfg = Debug|Any CPU
		{FD229155-B263-4183-8A15-85D3F63161B3}.Debug|Any CPU.Build.0 = Debug|Any CPU
		{FD229155-B263-4183-8A15-85D3F63161B3}.Release|Any CPU.ActiveCfg = Release|Any CPU
		{FD229155-B263-4183-8A15-85D3F63161B3}.Release|Any CPU.Build.0 = Release|Any CPU
		{7C29940F-9859-420D-B9D8-DE3F779F429A}.Debug|Any CPU.ActiveCfg = Debug|Any CPU
		{7C29940F-9859-420D-B9D8-DE3F779F429A}.Debug|Any CPU.Build.0 = Debug|Any CPU
		{7C29940F-9859-420D-B9D8-DE3F779F429A}.Release|Any CPU.ActiveCfg = Release|Any CPU
		{7C29940F-9859-420D-B9D8-DE3F779F429A}.Release|Any CPU.Build.0 = Release|Any CPU
		{F7DAFF4E-7E1A-4F51-8A74-F62D588C873E}.Debug|Any CPU.ActiveCfg = Debug|Any CPU
		{F7DAFF4E-7E1A-4F51-8A74-F62D588C873E}.Debug|Any CPU.Build.0 = Debug|Any CPU
		{F7DAFF4E-7E1A-4F51-8A74-F62D588C873E}.Release|Any CPU.ActiveCfg = Release|Any CPU
		{F7DAFF4E-7E1A-4F51-8A74-F62D588C873E}.Release|Any CPU.Build.0 = Release|Any CPU
		{AA316190-C0D0-492F-A7B5-5867DA361CBA}.Debug|Any CPU.ActiveCfg = Debug|Any CPU
		{AA316190-C0D0-492F-A7B5-5867DA361CBA}.Debug|Any CPU.Build.0 = Debug|Any CPU
		{AA316190-C0D0-492F-A7B5-5867DA361CBA}.Release|Any CPU.ActiveCfg = Release|Any CPU
		{AA316190-C0D0-492F-A7B5-5867DA361CBA}.Release|Any CPU.Build.0 = Release|Any CPU
		{44F95CB8-A48A-4476-8054-8472F74C91EE}.Debug|Any CPU.ActiveCfg = Debug|Any CPU
		{44F95CB8-A48A-4476-8054-8472F74C91EE}.Debug|Any CPU.Build.0 = Debug|Any CPU
		{44F95CB8-A48A-4476-8054-8472F74C91EE}.Release|Any CPU.ActiveCfg = Release|Any CPU
		{44F95CB8-A48A-4476-8054-8472F74C91EE}.Release|Any CPU.Build.0 = Release|Any CPU
	EndGlobalSection
	GlobalSection(SolutionProperties) = preSolution
		HideSolutionNode = FALSE
	EndGlobalSection
	GlobalSection(ExtensibilityGlobals) = postSolution
		SolutionGuid = {1B245CCA-C1A6-4F13-879B-25E8D9A223F1}
	EndGlobalSection
EndGlobal
